
Microsoft Visual Studio Solution File, Format Version 12.00
# Visual Studio 15
VisualStudioVersion = 15.0.28010.2036
MinimumVisualStudioVersion = 10.0.40219.1
Project("{FAE04EC0-301F-11D3-BF4B-00C04F79EFBC}") = "LabirintEPAM2019", "LabirintEPAM2019\LabirintEPAM2019.csproj", "{CBA986EA-73E6-4F62-882E-66C8D25109E8}"
EndProject
Global
	GlobalSection(SolutionConfigurationPlatforms) = preSolution
		Debug|Any CPU = Debug|Any CPU
		Release|Any CPU = Release|Any CPU
	EndGlobalSection
	GlobalSection(ProjectConfigurationPlatforms) = postSolution
		{CBA986EA-73E6-4F62-882E-66C8D25109E8}.Debug|Any CPU.ActiveCfg = Debug|Any CPU
		{CBA986EA-73E6-4F62-882E-66C8D25109E8}.Debug|Any CPU.Build.0 = Debug|Any CPU
		{CBA986EA-73E6-4F62-882E-66C8D25109E8}.Release|Any CPU.ActiveCfg = Release|Any CPU
		{CBA986EA-73E6-4F62-882E-66C8D25109E8}.Release|Any CPU.Build.0 = Release|Any CPU
	EndGlobalSection
	GlobalSection(SolutionProperties) = preSolution
		HideSolutionNode = FALSE
	EndGlobalSection
	GlobalSection(ExtensibilityGlobals) = postSolution
		SolutionGuid = {63DBA8F8-2FD1-4503-8A7C-A363AF52A36C}
	EndGlobalSection
EndGlobal
